
Microsoft Visual Studio Solution File, Format Version 12.00
# Visual Studio 15
VisualStudioVersion = 15.0.28010.2016
MinimumVisualStudioVersion = 10.0.40219.1
Project("{2150E333-8FDC-42A3-9474-1A3956D46DE8}") = "Solution Items", "Solution Items", "{14D5FE5B-9742-4D1F-A1E0-32E694B94AAB}"
	ProjectSection(SolutionItems) = preProject
		README.md = README.md
		include\Version.h = include\Version.h
	EndProjectSection
EndProject
Project("{2150E333-8FDC-42A3-9474-1A3956D46DE8}") = "EAP Methods", "EAP Methods", "{60BAAC3D-DC98-4C19-BC40-1A86963DE86C}"
EndProject
Project("{8BC9CEB8-8B4A-11D0-8D11-00A0C91BC942}") = "EAPTTLS", "EAPMethods\EAPTTLS\EAPTTLS.vcxproj", "{331B6077-E3E2-4867-B93E-9D3F57280DE7}"
EndProject
Project("{2150E333-8FDC-42A3-9474-1A3956D46DE8}") = "Libraries", "Libraries", "{E66A3FE1-4EE4-401F-8EAD-BE518B230393}"
EndProject
Project("{8BC9CEB8-8B4A-11D0-8D11-00A0C91BC942}") = "WinStd", "lib\WinStd\build\WinStd-16.0.vcxproj", "{47399D91-7EB9-41DE-B521-514BA5DB0C43}"
EndProject
Project("{2150E333-8FDC-42A3-9474-1A3956D46DE8}") = "Utilities", "Utilities", "{7B5EC9B7-208C-426A-941D-DAF9271BD4A4}"
EndProject
Project("{8BC9CEB8-8B4A-11D0-8D11-00A0C91BC942}") = "CredWrite", "CredWrite\CredWrite.vcxproj", "{2D3CE079-7EB1-4F47-B79E-F0310671ECCB}"
EndProject
Project("{8BC9CEB8-8B4A-11D0-8D11-00A0C91BC942}") = "Events", "lib\Events\build\Events.vcxproj", "{D63F24BD-92A0-4D6B-8B69-ED947E4D2B1B}"
EndProject
Project("{8BC9CEB8-8B4A-11D0-8D11-00A0C91BC942}") = "EAPTTLSUI", "EAPMethods\EAPTTLSUI\EAPTTLSUI.vcxproj", "{DD7A97CA-F18E-43B7-95C4-D06E6A291624}"
EndProject
Project("{8BC9CEB8-8B4A-11D0-8D11-00A0C91BC942}") = "EAPBase", "lib\EAPBase\build\EAPBase.vcxproj", "{AD6816A0-9600-4E01-8C49-39D03D1E791F}"
EndProject
Project("{8BC9CEB8-8B4A-11D0-8D11-00A0C91BC942}") = "EAPBase_UI", "lib\EAPBase_UI\build\EAPBase_UI.vcxproj", "{D4B54856-BE1F-4937-A8F7-495125BE76BE}"
EndProject
Project("{8BC9CEB8-8B4A-11D0-8D11-00A0C91BC942}") = "PAP", "lib\PAP\build\PAP.vcxproj", "{36B0CF8A-7794-46C3-8099-825BA962B4C7}"
EndProject
Project("{8BC9CEB8-8B4A-11D0-8D11-00A0C91BC942}") = "TLS", "lib\TLS\build\TLS.vcxproj", "{4D40CB8A-812E-4F12-B23A-31AF743878E8}"
EndProject
Project("{8BC9CEB8-8B4A-11D0-8D11-00A0C91BC942}") = "TTLS", "lib\TTLS\build\TTLS.vcxproj", "{EE0EF0D9-A475-4038-8637-5754724F65B0}"
EndProject
Project("{8BC9CEB8-8B4A-11D0-8D11-00A0C91BC942}") = "PAP_UI", "lib\PAP_UI\build\PAP_UI.vcxproj", "{3D309C2E-64AB-4BC4-A16D-468571A2BC1A}"
EndProject
Project("{8BC9CEB8-8B4A-11D0-8D11-00A0C91BC942}") = "TLS_UI", "lib\TLS_UI\build\TLS_UI.vcxproj", "{9A25C261-8ADE-4938-8393-E857EF0E37E9}"
EndProject
Project("{8BC9CEB8-8B4A-11D0-8D11-00A0C91BC942}") = "TTLS_UI", "lib\TTLS_UI\build\TTLS_UI.vcxproj", "{42F0F0F4-C928-4860-A4E4-94991C2C3D90}"
EndProject
Project("{8BC9CEB8-8B4A-11D0-8D11-00A0C91BC942}") = "MsiUseFeature", "MsiUseFeature\MsiUseFeature.vcxproj", "{679D03C5-CD70-4FFA-93F8-A4AB3637509B}"
EndProject
Project("{8BC9CEB8-8B4A-11D0-8D11-00A0C91BC942}") = "EventMonitor", "EventMonitor\EventMonitor.vcxproj", "{E0D0725B-B2FC-4225-9481-CA9B1B6306F2}"
EndProject
Project("{8BC9CEB8-8B4A-11D0-8D11-00A0C91BC942}") = "wxExtend", "lib\wxExtend\build\wxExtendLib-16.0.vcxproj", "{D3E29951-D9F5-486D-A167-20AE8E90B1FA}"
EndProject
Project("{8BC9CEB8-8B4A-11D0-8D11-00A0C91BC942}") = "WLANManager", "WLANManager\WLANManager.vcxproj", "{BFCAA3B4-97A9-4EA9-8FE1-F30280142BCC}"
EndProject
Project("{8BC9CEB8-8B4A-11D0-8D11-00A0C91BC942}") = "MSCHAPv2", "lib\MSCHAPv2\build\MSCHAPv2.vcxproj", "{86A6D6A0-4B7D-4134-BE81-A5755C77584D}"
EndProject
Project("{8BC9CEB8-8B4A-11D0-8D11-00A0C91BC942}") = "MSCHAPv2_UI", "lib\MSCHAPv2_UI\build\MSCHAPv2_UI.vcxproj", "{7AF5B922-7C17-428A-97E0-09E3B41A684D}"
EndProject
Project("{8BC9CEB8-8B4A-11D0-8D11-00A0C91BC942}") = "EapHost", "lib\EapHost\build\EapHost.vcxproj", "{B385EC2B-C3F4-48BB-9BAC-8B996DE7F754}"
EndProject
Project("{8BC9CEB8-8B4A-11D0-8D11-00A0C91BC942}") = "EapHost_UI", "lib\EapHost_UI\build\EapHost_UI.vcxproj", "{13D2D8B5-F6AA-459D-B5F7-29B95DD9D583}"
EndProject
Project("{8BC9CEB8-8B4A-11D0-8D11-00A0C91BC942}") = "GTC", "lib\GTC\build\GTC.vcxproj", "{114A70BB-8698-4A0C-8C90-58F22EDD8129}"
EndProject
Project("{8BC9CEB8-8B4A-11D0-8D11-00A0C91BC942}") = "GTC_UI", "lib\GTC_UI\build\GTC_UI.vcxproj", "{34680813-3A52-46FB-B5A8-1E4BBF770855}"
EndProject
Global
	GlobalSection(SolutionConfigurationPlatforms) = preSolution
		Debug|ARM64 = Debug|ARM64
		Debug|x64 = Debug|x64
		Debug|x86 = Debug|x86
		Release|ARM64 = Release|ARM64
		Release|x64 = Release|x64
		Release|x86 = Release|x86
	EndGlobalSection
	GlobalSection(ProjectConfigurationPlatforms) = postSolution
		{331B6077-E3E2-4867-B93E-9D3F57280DE7}.Debug|ARM64.ActiveCfg = Debug|ARM64
		{331B6077-E3E2-4867-B93E-9D3F57280DE7}.Debug|ARM64.Build.0 = Debug|ARM64
		{331B6077-E3E2-4867-B93E-9D3F57280DE7}.Debug|x64.ActiveCfg = Debug|x64
		{331B6077-E3E2-4867-B93E-9D3F57280DE7}.Debug|x64.Build.0 = Debug|x64
		{331B6077-E3E2-4867-B93E-9D3F57280DE7}.Debug|x86.ActiveCfg = Debug|Win32
		{331B6077-E3E2-4867-B93E-9D3F57280DE7}.Debug|x86.Build.0 = Debug|Win32
		{331B6077-E3E2-4867-B93E-9D3F57280DE7}.Release|ARM64.ActiveCfg = Release|ARM64
		{331B6077-E3E2-4867-B93E-9D3F57280DE7}.Release|ARM64.Build.0 = Release|ARM64
		{331B6077-E3E2-4867-B93E-9D3F57280DE7}.Release|x64.ActiveCfg = Release|x64
		{331B6077-E3E2-4867-B93E-9D3F57280DE7}.Release|x64.Build.0 = Release|x64
		{331B6077-E3E2-4867-B93E-9D3F57280DE7}.Release|x86.ActiveCfg = Release|Win32
		{331B6077-E3E2-4867-B93E-9D3F57280DE7}.Release|x86.Build.0 = Release|Win32
		{47399D91-7EB9-41DE-B521-514BA5DB0C43}.Debug|ARM64.ActiveCfg = Debug|ARM64
		{47399D91-7EB9-41DE-B521-514BA5DB0C43}.Debug|ARM64.Build.0 = Debug|ARM64
		{47399D91-7EB9-41DE-B521-514BA5DB0C43}.Debug|x64.ActiveCfg = Debug|x64
		{47399D91-7EB9-41DE-B521-514BA5DB0C43}.Debug|x64.Build.0 = Debug|x64
		{47399D91-7EB9-41DE-B521-514BA5DB0C43}.Debug|x86.ActiveCfg = Debug|Win32
		{47399D91-7EB9-41DE-B521-514BA5DB0C43}.Debug|x86.Build.0 = Debug|Win32
		{47399D91-7EB9-41DE-B521-514BA5DB0C43}.Release|ARM64.ActiveCfg = Release|ARM64
		{47399D91-7EB9-41DE-B521-514BA5DB0C43}.Release|ARM64.Build.0 = Release|ARM64
		{47399D91-7EB9-41DE-B521-514BA5DB0C43}.Release|x64.ActiveCfg = Release|x64
		{47399D91-7EB9-41DE-B521-514BA5DB0C43}.Release|x64.Build.0 = Release|x64
		{47399D91-7EB9-41DE-B521-514BA5DB0C43}.Release|x86.ActiveCfg = Release|Win32
		{47399D91-7EB9-41DE-B521-514BA5DB0C43}.Release|x86.Build.0 = Release|Win32
		{2D3CE079-7EB1-4F47-B79E-F0310671ECCB}.Debug|ARM64.ActiveCfg = Debug|ARM64
		{2D3CE079-7EB1-4F47-B79E-F0310671ECCB}.Debug|ARM64.Build.0 = Debug|ARM64
		{2D3CE079-7EB1-4F47-B79E-F0310671ECCB}.Debug|x64.ActiveCfg = Debug|x64
		{2D3CE079-7EB1-4F47-B79E-F0310671ECCB}.Debug|x64.Build.0 = Debug|x64
		{2D3CE079-7EB1-4F47-B79E-F0310671ECCB}.Debug|x86.ActiveCfg = Debug|Win32
		{2D3CE079-7EB1-4F47-B79E-F0310671ECCB}.Debug|x86.Build.0 = Debug|Win32
		{2D3CE079-7EB1-4F47-B79E-F0310671ECCB}.Release|ARM64.ActiveCfg = Release|ARM64
		{2D3CE079-7EB1-4F47-B79E-F0310671ECCB}.Release|ARM64.Build.0 = Release|ARM64
		{2D3CE079-7EB1-4F47-B79E-F0310671ECCB}.Release|x64.ActiveCfg = Release|x64
		{2D3CE079-7EB1-4F47-B79E-F0310671ECCB}.Release|x64.Build.0 = Release|x64
		{2D3CE079-7EB1-4F47-B79E-F0310671ECCB}.Release|x86.ActiveCfg = Release|Win32
		{2D3CE079-7EB1-4F47-B79E-F0310671ECCB}.Release|x86.Build.0 = Release|Win32
		{D63F24BD-92A0-4D6B-8B69-ED947E4D2B1B}.Debug|ARM64.ActiveCfg = Debug|ARM64
		{D63F24BD-92A0-4D6B-8B69-ED947E4D2B1B}.Debug|ARM64.Build.0 = Debug|ARM64
		{D63F24BD-92A0-4D6B-8B69-ED947E4D2B1B}.Debug|x64.ActiveCfg = Debug|x64
		{D63F24BD-92A0-4D6B-8B69-ED947E4D2B1B}.Debug|x64.Build.0 = Debug|x64
		{D63F24BD-92A0-4D6B-8B69-ED947E4D2B1B}.Debug|x86.ActiveCfg = Debug|Win32
		{D63F24BD-92A0-4D6B-8B69-ED947E4D2B1B}.Debug|x86.Build.0 = Debug|Win32
		{D63F24BD-92A0-4D6B-8B69-ED947E4D2B1B}.Release|ARM64.ActiveCfg = Release|ARM64
		{D63F24BD-92A0-4D6B-8B69-ED947E4D2B1B}.Release|ARM64.Build.0 = Release|ARM64
		{D63F24BD-92A0-4D6B-8B69-ED947E4D2B1B}.Release|x64.ActiveCfg = Release|x64
		{D63F24BD-92A0-4D6B-8B69-ED947E4D2B1B}.Release|x64.Build.0 = Release|x64
		{D63F24BD-92A0-4D6B-8B69-ED947E4D2B1B}.Release|x86.ActiveCfg = Release|Win32
		{D63F24BD-92A0-4D6B-8B69-ED947E4D2B1B}.Release|x86.Build.0 = Release|Win32
		{DD7A97CA-F18E-43B7-95C4-D06E6A291624}.Debug|ARM64.ActiveCfg = Debug|ARM64
		{DD7A97CA-F18E-43B7-95C4-D06E6A291624}.Debug|ARM64.Build.0 = Debug|ARM64
		{DD7A97CA-F18E-43B7-95C4-D06E6A291624}.Debug|x64.ActiveCfg = Debug|x64
		{DD7A97CA-F18E-43B7-95C4-D06E6A291624}.Debug|x64.Build.0 = Debug|x64
		{DD7A97CA-F18E-43B7-95C4-D06E6A291624}.Debug|x86.ActiveCfg = Debug|Win32
		{DD7A97CA-F18E-43B7-95C4-D06E6A291624}.Debug|x86.Build.0 = Debug|Win32
		{DD7A97CA-F18E-43B7-95C4-D06E6A291624}.Release|ARM64.ActiveCfg = Release|ARM64
		{DD7A97CA-F18E-43B7-95C4-D06E6A291624}.Release|ARM64.Build.0 = Release|ARM64
		{DD7A97CA-F18E-43B7-95C4-D06E6A291624}.Release|x64.ActiveCfg = Release|x64
		{DD7A97CA-F18E-43B7-95C4-D06E6A291624}.Release|x64.Build.0 = Release|x64
		{DD7A97CA-F18E-43B7-95C4-D06E6A291624}.Release|x86.ActiveCfg = Release|Win32
		{DD7A97CA-F18E-43B7-95C4-D06E6A291624}.Release|x86.Build.0 = Release|Win32
		{AD6816A0-9600-4E01-8C49-39D03D1E791F}.Debug|ARM64.ActiveCfg = Debug|ARM64
		{AD6816A0-9600-4E01-8C49-39D03D1E791F}.Debug|ARM64.Build.0 = Debug|ARM64
		{AD6816A0-9600-4E01-8C49-39D03D1E791F}.Debug|x64.ActiveCfg = Debug|x64
		{AD6816A0-9600-4E01-8C49-39D03D1E791F}.Debug|x64.Build.0 = Debug|x64
		{AD6816A0-9600-4E01-8C49-39D03D1E791F}.Debug|x86.ActiveCfg = Debug|Win32
		{AD6816A0-9600-4E01-8C49-39D03D1E791F}.Debug|x86.Build.0 = Debug|Win32
		{AD6816A0-9600-4E01-8C49-39D03D1E791F}.Release|ARM64.ActiveCfg = Release|ARM64
		{AD6816A0-9600-4E01-8C49-39D03D1E791F}.Release|ARM64.Build.0 = Release|ARM64
		{AD6816A0-9600-4E01-8C49-39D03D1E791F}.Release|x64.ActiveCfg = Release|x64
		{AD6816A0-9600-4E01-8C49-39D03D1E791F}.Release|x64.Build.0 = Release|x64
		{AD6816A0-9600-4E01-8C49-39D03D1E791F}.Release|x86.ActiveCfg = Release|Win32
		{AD6816A0-9600-4E01-8C49-39D03D1E791F}.Release|x86.Build.0 = Release|Win32
		{D4B54856-BE1F-4937-A8F7-495125BE76BE}.Debug|ARM64.ActiveCfg = Debug|ARM64
		{D4B54856-BE1F-4937-A8F7-495125BE76BE}.Debug|ARM64.Build.0 = Debug|ARM64
		{D4B54856-BE1F-4937-A8F7-495125BE76BE}.Debug|x64.ActiveCfg = Debug|x64
		{D4B54856-BE1F-4937-A8F7-495125BE76BE}.Debug|x64.Build.0 = Debug|x64
		{D4B54856-BE1F-4937-A8F7-495125BE76BE}.Debug|x86.ActiveCfg = Debug|Win32
		{D4B54856-BE1F-4937-A8F7-495125BE76BE}.Debug|x86.Build.0 = Debug|Win32
		{D4B54856-BE1F-4937-A8F7-495125BE76BE}.Release|ARM64.ActiveCfg = Release|ARM64
		{D4B54856-BE1F-4937-A8F7-495125BE76BE}.Release|ARM64.Build.0 = Release|ARM64
		{D4B54856-BE1F-4937-A8F7-495125BE76BE}.Release|x64.ActiveCfg = Release|x64
		{D4B54856-BE1F-4937-A8F7-495125BE76BE}.Release|x64.Build.0 = Release|x64
		{D4B54856-BE1F-4937-A8F7-495125BE76BE}.Release|x86.ActiveCfg = Release|Win32
		{D4B54856-BE1F-4937-A8F7-495125BE76BE}.Release|x86.Build.0 = Release|Win32
		{36B0CF8A-7794-46C3-8099-825BA962B4C7}.Debug|ARM64.ActiveCfg = Debug|ARM64
		{36B0CF8A-7794-46C3-8099-825BA962B4C7}.Debug|ARM64.Build.0 = Debug|ARM64
		{36B0CF8A-7794-46C3-8099-825BA962B4C7}.Debug|x64.ActiveCfg = Debug|x64
		{36B0CF8A-7794-46C3-8099-825BA962B4C7}.Debug|x64.Build.0 = Debug|x64
		{36B0CF8A-7794-46C3-8099-825BA962B4C7}.Debug|x86.ActiveCfg = Debug|Win32
		{36B0CF8A-7794-46C3-8099-825BA962B4C7}.Debug|x86.Build.0 = Debug|Win32
		{36B0CF8A-7794-46C3-8099-825BA962B4C7}.Release|ARM64.ActiveCfg = Release|ARM64
		{36B0CF8A-7794-46C3-8099-825BA962B4C7}.Release|ARM64.Build.0 = Release|ARM64
		{36B0CF8A-7794-46C3-8099-825BA962B4C7}.Release|x64.ActiveCfg = Release|x64
		{36B0CF8A-7794-46C3-8099-825BA962B4C7}.Release|x64.Build.0 = Release|x64
		{36B0CF8A-7794-46C3-8099-825BA962B4C7}.Release|x86.ActiveCfg = Release|Win32
		{36B0CF8A-7794-46C3-8099-825BA962B4C7}.Release|x86.Build.0 = Release|Win32
		{4D40CB8A-812E-4F12-B23A-31AF743878E8}.Debug|ARM64.ActiveCfg = Debug|ARM64
		{4D40CB8A-812E-4F12-B23A-31AF743878E8}.Debug|ARM64.Build.0 = Debug|ARM64
		{4D40CB8A-812E-4F12-B23A-31AF743878E8}.Debug|x64.ActiveCfg = Debug|x64
		{4D40CB8A-812E-4F12-B23A-31AF743878E8}.Debug|x64.Build.0 = Debug|x64
		{4D40CB8A-812E-4F12-B23A-31AF743878E8}.Debug|x86.ActiveCfg = Debug|Win32
		{4D40CB8A-812E-4F12-B23A-31AF743878E8}.Debug|x86.Build.0 = Debug|Win32
		{4D40CB8A-812E-4F12-B23A-31AF743878E8}.Release|ARM64.ActiveCfg = Release|ARM64
		{4D40CB8A-812E-4F12-B23A-31AF743878E8}.Release|ARM64.Build.0 = Release|ARM64
		{4D40CB8A-812E-4F12-B23A-31AF743878E8}.Release|x64.ActiveCfg = Release|x64
		{4D40CB8A-812E-4F12-B23A-31AF743878E8}.Release|x64.Build.0 = Release|x64
		{4D40CB8A-812E-4F12-B23A-31AF743878E8}.Release|x86.ActiveCfg = Release|Win32
		{4D40CB8A-812E-4F12-B23A-31AF743878E8}.Release|x86.Build.0 = Release|Win32
		{EE0EF0D9-A475-4038-8637-5754724F65B0}.Debug|ARM64.ActiveCfg = Debug|ARM64
		{EE0EF0D9-A475-4038-8637-5754724F65B0}.Debug|ARM64.Build.0 = Debug|ARM64
		{EE0EF0D9-A475-4038-8637-5754724F65B0}.Debug|x64.ActiveCfg = Debug|x64
		{EE0EF0D9-A475-4038-8637-5754724F65B0}.Debug|x64.Build.0 = Debug|x64
		{EE0EF0D9-A475-4038-8637-5754724F65B0}.Debug|x86.ActiveCfg = Debug|Win32
		{EE0EF0D9-A475-4038-8637-5754724F65B0}.Debug|x86.Build.0 = Debug|Win32
		{EE0EF0D9-A475-4038-8637-5754724F65B0}.Release|ARM64.ActiveCfg = Release|ARM64
		{EE0EF0D9-A475-4038-8637-5754724F65B0}.Release|ARM64.Build.0 = Release|ARM64
		{EE0EF0D9-A475-4038-8637-5754724F65B0}.Release|x64.ActiveCfg = Release|x64
		{EE0EF0D9-A475-4038-8637-5754724F65B0}.Release|x64.Build.0 = Release|x64
		{EE0EF0D9-A475-4038-8637-5754724F65B0}.Release|x86.ActiveCfg = Release|Win32
		{EE0EF0D9-A475-4038-8637-5754724F65B0}.Release|x86.Build.0 = Release|Win32
		{3D309C2E-64AB-4BC4-A16D-468571A2BC1A}.Debug|ARM64.ActiveCfg = Debug|ARM64
		{3D309C2E-64AB-4BC4-A16D-468571A2BC1A}.Debug|ARM64.Build.0 = Debug|ARM64
		{3D309C2E-64AB-4BC4-A16D-468571A2BC1A}.Debug|x64.ActiveCfg = Debug|x64
		{3D309C2E-64AB-4BC4-A16D-468571A2BC1A}.Debug|x64.Build.0 = Debug|x64
		{3D309C2E-64AB-4BC4-A16D-468571A2BC1A}.Debug|x86.ActiveCfg = Debug|Win32
		{3D309C2E-64AB-4BC4-A16D-468571A2BC1A}.Debug|x86.Build.0 = Debug|Win32
		{3D309C2E-64AB-4BC4-A16D-468571A2BC1A}.Release|ARM64.ActiveCfg = Release|ARM64
		{3D309C2E-64AB-4BC4-A16D-468571A2BC1A}.Release|ARM64.Build.0 = Release|ARM64
		{3D309C2E-64AB-4BC4-A16D-468571A2BC1A}.Release|x64.ActiveCfg = Release|x64
		{3D309C2E-64AB-4BC4-A16D-468571A2BC1A}.Release|x64.Build.0 = Release|x64
		{3D309C2E-64AB-4BC4-A16D-468571A2BC1A}.Release|x86.ActiveCfg = Release|Win32
		{3D309C2E-64AB-4BC4-A16D-468571A2BC1A}.Release|x86.Build.0 = Release|Win32
		{9A25C261-8ADE-4938-8393-E857EF0E37E9}.Debug|ARM64.ActiveCfg = Debug|ARM64
		{9A25C261-8ADE-4938-8393-E857EF0E37E9}.Debug|ARM64.Build.0 = Debug|ARM64
		{9A25C261-8ADE-4938-8393-E857EF0E37E9}.Debug|x64.ActiveCfg = Debug|x64
		{9A25C261-8ADE-4938-8393-E857EF0E37E9}.Debug|x64.Build.0 = Debug|x64
		{9A25C261-8ADE-4938-8393-E857EF0E37E9}.Debug|x86.ActiveCfg = Debug|Win32
		{9A25C261-8ADE-4938-8393-E857EF0E37E9}.Debug|x86.Build.0 = Debug|Win32
		{9A25C261-8ADE-4938-8393-E857EF0E37E9}.Release|ARM64.ActiveCfg = Release|ARM64
		{9A25C261-8ADE-4938-8393-E857EF0E37E9}.Release|ARM64.Build.0 = Release|ARM64
		{9A25C261-8ADE-4938-8393-E857EF0E37E9}.Release|x64.ActiveCfg = Release|x64
		{9A25C261-8ADE-4938-8393-E857EF0E37E9}.Release|x64.Build.0 = Release|x64
		{9A25C261-8ADE-4938-8393-E857EF0E37E9}.Release|x86.ActiveCfg = Release|Win32
		{9A25C261-8ADE-4938-8393-E857EF0E37E9}.Release|x86.Build.0 = Release|Win32
		{42F0F0F4-C928-4860-A4E4-94991C2C3D90}.Debug|ARM64.ActiveCfg = Debug|ARM64
		{42F0F0F4-C928-4860-A4E4-94991C2C3D90}.Debug|ARM64.Build.0 = Debug|ARM64
		{42F0F0F4-C928-4860-A4E4-94991C2C3D90}.Debug|x64.ActiveCfg = Debug|x64
		{42F0F0F4-C928-4860-A4E4-94991C2C3D90}.Debug|x64.Build.0 = Debug|x64
		{42F0F0F4-C928-4860-A4E4-94991C2C3D90}.Debug|x86.ActiveCfg = Debug|Win32
		{42F0F0F4-C928-4860-A4E4-94991C2C3D90}.Debug|x86.Build.0 = Debug|Win32
		{42F0F0F4-C928-4860-A4E4-94991C2C3D90}.Release|ARM64.ActiveCfg = Release|ARM64
		{42F0F0F4-C928-4860-A4E4-94991C2C3D90}.Release|ARM64.Build.0 = Release|ARM64
		{42F0F0F4-C928-4860-A4E4-94991C2C3D90}.Release|x64.ActiveCfg = Release|x64
		{42F0F0F4-C928-4860-A4E4-94991C2C3D90}.Release|x64.Build.0 = Release|x64
		{42F0F0F4-C928-4860-A4E4-94991C2C3D90}.Release|x86.ActiveCfg = Release|Win32
		{42F0F0F4-C928-4860-A4E4-94991C2C3D90}.Release|x86.Build.0 = Release|Win32
		{679D03C5-CD70-4FFA-93F8-A4AB3637509B}.Debug|ARM64.ActiveCfg = Debug|ARM64
		{679D03C5-CD70-4FFA-93F8-A4AB3637509B}.Debug|ARM64.Build.0 = Debug|ARM64
		{679D03C5-CD70-4FFA-93F8-A4AB3637509B}.Debug|x64.ActiveCfg = Debug|x64
		{679D03C5-CD70-4FFA-93F8-A4AB3637509B}.Debug|x64.Build.0 = Debug|x64
		{679D03C5-CD70-4FFA-93F8-A4AB3637509B}.Debug|x86.ActiveCfg = Debug|Win32
		{679D03C5-CD70-4FFA-93F8-A4AB3637509B}.Debug|x86.Build.0 = Debug|Win32
		{679D03C5-CD70-4FFA-93F8-A4AB3637509B}.Release|ARM64.ActiveCfg = Release|ARM64
		{679D03C5-CD70-4FFA-93F8-A4AB3637509B}.Release|ARM64.Build.0 = Release|ARM64
		{679D03C5-CD70-4FFA-93F8-A4AB3637509B}.Release|x64.ActiveCfg = Release|x64
		{679D03C5-CD70-4FFA-93F8-A4AB3637509B}.Release|x64.Build.0 = Release|x64
		{679D03C5-CD70-4FFA-93F8-A4AB3637509B}.Release|x86.ActiveCfg = Release|Win32
		{679D03C5-CD70-4FFA-93F8-A4AB3637509B}.Release|x86.Build.0 = Release|Win32
		{E0D0725B-B2FC-4225-9481-CA9B1B6306F2}.Debug|ARM64.ActiveCfg = Debug|ARM64
		{E0D0725B-B2FC-4225-9481-CA9B1B6306F2}.Debug|ARM64.Build.0 = Debug|ARM64
		{E0D0725B-B2FC-4225-9481-CA9B1B6306F2}.Debug|x64.ActiveCfg = Debug|x64
		{E0D0725B-B2FC-4225-9481-CA9B1B6306F2}.Debug|x64.Build.0 = Debug|x64
		{E0D0725B-B2FC-4225-9481-CA9B1B6306F2}.Debug|x86.ActiveCfg = Debug|Win32
		{E0D0725B-B2FC-4225-9481-CA9B1B6306F2}.Debug|x86.Build.0 = Debug|Win32
		{E0D0725B-B2FC-4225-9481-CA9B1B6306F2}.Release|ARM64.ActiveCfg = Release|ARM64
		{E0D0725B-B2FC-4225-9481-CA9B1B6306F2}.Release|ARM64.Build.0 = Release|ARM64
		{E0D0725B-B2FC-4225-9481-CA9B1B6306F2}.Release|x64.ActiveCfg = Release|x64
		{E0D0725B-B2FC-4225-9481-CA9B1B6306F2}.Release|x64.Build.0 = Release|x64
		{E0D0725B-B2FC-4225-9481-CA9B1B6306F2}.Release|x86.ActiveCfg = Release|Win32
		{E0D0725B-B2FC-4225-9481-CA9B1B6306F2}.Release|x86.Build.0 = Release|Win32
		{D3E29951-D9F5-486D-A167-20AE8E90B1FA}.Debug|ARM64.ActiveCfg = Debug|ARM64
		{D3E29951-D9F5-486D-A167-20AE8E90B1FA}.Debug|ARM64.Build.0 = Debug|ARM64
		{D3E29951-D9F5-486D-A167-20AE8E90B1FA}.Debug|x64.ActiveCfg = Debug|x64
		{D3E29951-D9F5-486D-A167-20AE8E90B1FA}.Debug|x64.Build.0 = Debug|x64
		{D3E29951-D9F5-486D-A167-20AE8E90B1FA}.Debug|x86.ActiveCfg = Debug|Win32
		{D3E29951-D9F5-486D-A167-20AE8E90B1FA}.Debug|x86.Build.0 = Debug|Win32
		{D3E29951-D9F5-486D-A167-20AE8E90B1FA}.Release|ARM64.ActiveCfg = Release|ARM64
		{D3E29951-D9F5-486D-A167-20AE8E90B1FA}.Release|ARM64.Build.0 = Release|ARM64
		{D3E29951-D9F5-486D-A167-20AE8E90B1FA}.Release|x64.ActiveCfg = Release|x64
		{D3E29951-D9F5-486D-A167-20AE8E90B1FA}.Release|x64.Build.0 = Release|x64
		{D3E29951-D9F5-486D-A167-20AE8E90B1FA}.Release|x86.ActiveCfg = Release|Win32
		{D3E29951-D9F5-486D-A167-20AE8E90B1FA}.Release|x86.Build.0 = Release|Win32
		{BFCAA3B4-97A9-4EA9-8FE1-F30280142BCC}.Debug|ARM64.ActiveCfg = Debug|ARM64
		{BFCAA3B4-97A9-4EA9-8FE1-F30280142BCC}.Debug|ARM64.Build.0 = Debug|ARM64
		{BFCAA3B4-97A9-4EA9-8FE1-F30280142BCC}.Debug|x64.ActiveCfg = Debug|x64
		{BFCAA3B4-97A9-4EA9-8FE1-F30280142BCC}.Debug|x64.Build.0 = Debug|x64
		{BFCAA3B4-97A9-4EA9-8FE1-F30280142BCC}.Debug|x86.ActiveCfg = Debug|Win32
		{BFCAA3B4-97A9-4EA9-8FE1-F30280142BCC}.Debug|x86.Build.0 = Debug|Win32
		{BFCAA3B4-97A9-4EA9-8FE1-F30280142BCC}.Release|ARM64.ActiveCfg = Release|ARM64
		{BFCAA3B4-97A9-4EA9-8FE1-F30280142BCC}.Release|ARM64.Build.0 = Release|ARM64
		{BFCAA3B4-97A9-4EA9-8FE1-F30280142BCC}.Release|x64.ActiveCfg = Release|x64
		{BFCAA3B4-97A9-4EA9-8FE1-F30280142BCC}.Release|x64.Build.0 = Release|x64
		{BFCAA3B4-97A9-4EA9-8FE1-F30280142BCC}.Release|x86.ActiveCfg = Release|Win32
		{BFCAA3B4-97A9-4EA9-8FE1-F30280142BCC}.Release|x86.Build.0 = Release|Win32
		{86A6D6A0-4B7D-4134-BE81-A5755C77584D}.Debug|ARM64.ActiveCfg = Debug|ARM64
		{86A6D6A0-4B7D-4134-BE81-A5755C77584D}.Debug|ARM64.Build.0 = Debug|ARM64
		{86A6D6A0-4B7D-4134-BE81-A5755C77584D}.Debug|x64.ActiveCfg = Debug|x64
		{86A6D6A0-4B7D-4134-BE81-A5755C77584D}.Debug|x64.Build.0 = Debug|x64
		{86A6D6A0-4B7D-4134-BE81-A5755C77584D}.Debug|x86.ActiveCfg = Debug|Win32
		{86A6D6A0-4B7D-4134-BE81-A5755C77584D}.Debug|x86.Build.0 = Debug|Win32
		{86A6D6A0-4B7D-4134-BE81-A5755C77584D}.Release|ARM64.ActiveCfg = Release|ARM64
		{86A6D6A0-4B7D-4134-BE81-A5755C77584D}.Release|ARM64.Build.0 = Release|ARM64
		{86A6D6A0-4B7D-4134-BE81-A5755C77584D}.Release|x64.ActiveCfg = Release|x64
		{86A6D6A0-4B7D-4134-BE81-A5755C77584D}.Release|x64.Build.0 = Release|x64
		{86A6D6A0-4B7D-4134-BE81-A5755C77584D}.Release|x86.ActiveCfg = Release|Win32
		{86A6D6A0-4B7D-4134-BE81-A5755C77584D}.Release|x86.Build.0 = Release|Win32
		{7AF5B922-7C17-428A-97E0-09E3B41A684D}.Debug|ARM64.ActiveCfg = Debug|ARM64
		{7AF5B922-7C17-428A-97E0-09E3B41A684D}.Debug|ARM64.Build.0 = Debug|ARM64
		{7AF5B922-7C17-428A-97E0-09E3B41A684D}.Debug|x64.ActiveCfg = Debug|x64
		{7AF5B922-7C17-428A-97E0-09E3B41A684D}.Debug|x64.Build.0 = Debug|x64
		{7AF5B922-7C17-428A-97E0-09E3B41A684D}.Debug|x86.ActiveCfg = Debug|Win32
		{7AF5B922-7C17-428A-97E0-09E3B41A684D}.Debug|x86.Build.0 = Debug|Win32
		{7AF5B922-7C17-428A-97E0-09E3B41A684D}.Release|ARM64.ActiveCfg = Release|ARM64
		{7AF5B922-7C17-428A-97E0-09E3B41A684D}.Release|ARM64.Build.0 = Release|ARM64
		{7AF5B922-7C17-428A-97E0-09E3B41A684D}.Release|x64.ActiveCfg = Release|x64
		{7AF5B922-7C17-428A-97E0-09E3B41A684D}.Release|x64.Build.0 = Release|x64
		{7AF5B922-7C17-428A-97E0-09E3B41A684D}.Release|x86.ActiveCfg = Release|Win32
		{7AF5B922-7C17-428A-97E0-09E3B41A684D}.Release|x86.Build.0 = Release|Win32
		{B385EC2B-C3F4-48BB-9BAC-8B996DE7F754}.Debug|ARM64.ActiveCfg = Debug|ARM64
		{B385EC2B-C3F4-48BB-9BAC-8B996DE7F754}.Debug|ARM64.Build.0 = Debug|ARM64
		{B385EC2B-C3F4-48BB-9BAC-8B996DE7F754}.Debug|x64.ActiveCfg = Debug|x64
		{B385EC2B-C3F4-48BB-9BAC-8B996DE7F754}.Debug|x64.Build.0 = Debug|x64
		{B385EC2B-C3F4-48BB-9BAC-8B996DE7F754}.Debug|x86.ActiveCfg = Debug|Win32
		{B385EC2B-C3F4-48BB-9BAC-8B996DE7F754}.Debug|x86.Build.0 = Debug|Win32
		{B385EC2B-C3F4-48BB-9BAC-8B996DE7F754}.Release|ARM64.ActiveCfg = Release|ARM64
		{B385EC2B-C3F4-48BB-9BAC-8B996DE7F754}.Release|ARM64.Build.0 = Release|ARM64
		{B385EC2B-C3F4-48BB-9BAC-8B996DE7F754}.Release|x64.ActiveCfg = Release|x64
		{B385EC2B-C3F4-48BB-9BAC-8B996DE7F754}.Release|x64.Build.0 = Release|x64
		{B385EC2B-C3F4-48BB-9BAC-8B996DE7F754}.Release|x86.ActiveCfg = Release|Win32
		{B385EC2B-C3F4-48BB-9BAC-8B996DE7F754}.Release|x86.Build.0 = Release|Win32
		{13D2D8B5-F6AA-459D-B5F7-29B95DD9D583}.Debug|ARM64.ActiveCfg = Debug|ARM64
		{13D2D8B5-F6AA-459D-B5F7-29B95DD9D583}.Debug|ARM64.Build.0 = Debug|ARM64
		{13D2D8B5-F6AA-459D-B5F7-29B95DD9D583}.Debug|x64.ActiveCfg = Debug|x64
		{13D2D8B5-F6AA-459D-B5F7-29B95DD9D583}.Debug|x64.Build.0 = Debug|x64
		{13D2D8B5-F6AA-459D-B5F7-29B95DD9D583}.Debug|x86.ActiveCfg = Debug|Win32
		{13D2D8B5-F6AA-459D-B5F7-29B95DD9D583}.Debug|x86.Build.0 = Debug|Win32
		{13D2D8B5-F6AA-459D-B5F7-29B95DD9D583}.Release|ARM64.ActiveCfg = Release|ARM64
		{13D2D8B5-F6AA-459D-B5F7-29B95DD9D583}.Release|ARM64.Build.0 = Release|ARM64
		{13D2D8B5-F6AA-459D-B5F7-29B95DD9D583}.Release|x64.ActiveCfg = Release|x64
		{13D2D8B5-F6AA-459D-B5F7-29B95DD9D583}.Release|x64.Build.0 = Release|x64
		{13D2D8B5-F6AA-459D-B5F7-29B95DD9D583}.Release|x86.ActiveCfg = Release|Win32
		{13D2D8B5-F6AA-459D-B5F7-29B95DD9D583}.Release|x86.Build.0 = Release|Win32
		{114A70BB-8698-4A0C-8C90-58F22EDD8129}.Debug|ARM64.ActiveCfg = Debug|ARM64
		{114A70BB-8698-4A0C-8C90-58F22EDD8129}.Debug|ARM64.Build.0 = Debug|ARM64
		{114A70BB-8698-4A0C-8C90-58F22EDD8129}.Debug|x64.ActiveCfg = Debug|x64
		{114A70BB-8698-4A0C-8C90-58F22EDD8129}.Debug|x64.Build.0 = Debug|x64
		{114A70BB-8698-4A0C-8C90-58F22EDD8129}.Debug|x86.ActiveCfg = Debug|Win32
		{114A70BB-8698-4A0C-8C90-58F22EDD8129}.Debug|x86.Build.0 = Debug|Win32
		{114A70BB-8698-4A0C-8C90-58F22EDD8129}.Release|ARM64.ActiveCfg = Release|ARM64
		{114A70BB-8698-4A0C-8C90-58F22EDD8129}.Release|ARM64.Build.0 = Release|ARM64
		{114A70BB-8698-4A0C-8C90-58F22EDD8129}.Release|x64.ActiveCfg = Release|x64
		{114A70BB-8698-4A0C-8C90-58F22EDD8129}.Release|x64.Build.0 = Release|x64
		{114A70BB-8698-4A0C-8C90-58F22EDD8129}.Release|x86.ActiveCfg = Release|Win32
		{114A70BB-8698-4A0C-8C90-58F22EDD8129}.Release|x86.Build.0 = Release|Win32
		{34680813-3A52-46FB-B5A8-1E4BBF770855}.Debug|ARM64.ActiveCfg = Debug|ARM64
		{34680813-3A52-46FB-B5A8-1E4BBF770855}.Debug|ARM64.Build.0 = Debug|ARM64
		{34680813-3A52-46FB-B5A8-1E4BBF770855}.Debug|x64.ActiveCfg = Debug|x64
		{34680813-3A52-46FB-B5A8-1E4BBF770855}.Debug|x64.Build.0 = Debug|x64
		{34680813-3A52-46FB-B5A8-1E4BBF770855}.Debug|x86.ActiveCfg = Debug|Win32
		{34680813-3A52-46FB-B5A8-1E4BBF770855}.Debug|x86.Build.0 = Debug|Win32
		{34680813-3A52-46FB-B5A8-1E4BBF770855}.Release|ARM64.ActiveCfg = Release|ARM64
		{34680813-3A52-46FB-B5A8-1E4BBF770855}.Release|ARM64.Build.0 = Release|ARM64
		{34680813-3A52-46FB-B5A8-1E4BBF770855}.Release|x64.ActiveCfg = Release|x64
		{34680813-3A52-46FB-B5A8-1E4BBF770855}.Release|x64.Build.0 = Release|x64
		{34680813-3A52-46FB-B5A8-1E4BBF770855}.Release|x86.ActiveCfg = Release|Win32
		{34680813-3A52-46FB-B5A8-1E4BBF770855}.Release|x86.Build.0 = Release|Win32
	EndGlobalSection
	GlobalSection(SolutionProperties) = preSolution
		HideSolutionNode = FALSE
	EndGlobalSection
	GlobalSection(NestedProjects) = preSolution
		{331B6077-E3E2-4867-B93E-9D3F57280DE7} = {60BAAC3D-DC98-4C19-BC40-1A86963DE86C}
		{47399D91-7EB9-41DE-B521-514BA5DB0C43} = {E66A3FE1-4EE4-401F-8EAD-BE518B230393}
		{2D3CE079-7EB1-4F47-B79E-F0310671ECCB} = {7B5EC9B7-208C-426A-941D-DAF9271BD4A4}
		{D63F24BD-92A0-4D6B-8B69-ED947E4D2B1B} = {E66A3FE1-4EE4-401F-8EAD-BE518B230393}
		{DD7A97CA-F18E-43B7-95C4-D06E6A291624} = {60BAAC3D-DC98-4C19-BC40-1A86963DE86C}
		{AD6816A0-9600-4E01-8C49-39D03D1E791F} = {E66A3FE1-4EE4-401F-8EAD-BE518B230393}
		{D4B54856-BE1F-4937-A8F7-495125BE76BE} = {E66A3FE1-4EE4-401F-8EAD-BE518B230393}
		{36B0CF8A-7794-46C3-8099-825BA962B4C7} = {E66A3FE1-4EE4-401F-8EAD-BE518B230393}
		{4D40CB8A-812E-4F12-B23A-31AF743878E8} = {E66A3FE1-4EE4-401F-8EAD-BE518B230393}
		{EE0EF0D9-A475-4038-8637-5754724F65B0} = {E66A3FE1-4EE4-401F-8EAD-BE518B230393}
		{3D309C2E-64AB-4BC4-A16D-468571A2BC1A} = {E66A3FE1-4EE4-401F-8EAD-BE518B230393}
		{9A25C261-8ADE-4938-8393-E857EF0E37E9} = {E66A3FE1-4EE4-401F-8EAD-BE518B230393}
		{42F0F0F4-C928-4860-A4E4-94991C2C3D90} = {E66A3FE1-4EE4-401F-8EAD-BE518B230393}
		{679D03C5-CD70-4FFA-93F8-A4AB3637509B} = {7B5EC9B7-208C-426A-941D-DAF9271BD4A4}
		{E0D0725B-B2FC-4225-9481-CA9B1B6306F2} = {7B5EC9B7-208C-426A-941D-DAF9271BD4A4}
		{D3E29951-D9F5-486D-A167-20AE8E90B1FA} = {E66A3FE1-4EE4-401F-8EAD-BE518B230393}
		{BFCAA3B4-97A9-4EA9-8FE1-F30280142BCC} = {7B5EC9B7-208C-426A-941D-DAF9271BD4A4}
		{86A6D6A0-4B7D-4134-BE81-A5755C77584D} = {E66A3FE1-4EE4-401F-8EAD-BE518B230393}
		{7AF5B922-7C17-428A-97E0-09E3B41A684D} = {E66A3FE1-4EE4-401F-8EAD-BE518B230393}
		{B385EC2B-C3F4-48BB-9BAC-8B996DE7F754} = {E66A3FE1-4EE4-401F-8EAD-BE518B230393}
		{13D2D8B5-F6AA-459D-B5F7-29B95DD9D583} = {E66A3FE1-4EE4-401F-8EAD-BE518B230393}
		{114A70BB-8698-4A0C-8C90-58F22EDD8129} = {E66A3FE1-4EE4-401F-8EAD-BE518B230393}
		{34680813-3A52-46FB-B5A8-1E4BBF770855} = {E66A3FE1-4EE4-401F-8EAD-BE518B230393}
	EndGlobalSection
	GlobalSection(ExtensibilityGlobals) = postSolution
		SolutionGuid = {E52A6A8F-2AF5-43C7-8E01-9808E865BCF0}
	EndGlobalSection
EndGlobal
